
Microsoft Visual Studio Solution File, Format Version 12.00
# Visual Studio Version 16
VisualStudioVersion = 16.0.29009.5
MinimumVisualStudioVersion = 10.0.40219.1
Project("{FAE04EC0-301F-11D3-BF4B-00C04F79EFBC}") = "Lesson 1 HW", "Lesson 1 HW\Lesson 1 HW.csproj", "{20987C64-4F08-41BA-BFA2-3F23B4466AF0}"
EndProject
Global
	GlobalSection(SolutionConfigurationPlatforms) = preSolution
		Debug|Any CPU = Debug|Any CPU
		Release|Any CPU = Release|Any CPU
	EndGlobalSection
	GlobalSection(ProjectConfigurationPlatforms) = postSolution
		{20987C64-4F08-41BA-BFA2-3F23B4466AF0}.Debug|Any CPU.ActiveCfg = Debug|Any CPU
		{20987C64-4F08-41BA-BFA2-3F23B4466AF0}.Debug|Any CPU.Build.0 = Debug|Any CPU
		{20987C64-4F08-41BA-BFA2-3F23B4466AF0}.Release|Any CPU.ActiveCfg = Release|Any CPU
		{20987C64-4F08-41BA-BFA2-3F23B4466AF0}.Release|Any CPU.Build.0 = Release|Any CPU
	EndGlobalSection
	GlobalSection(SolutionProperties) = preSolution
		HideSolutionNode = FALSE
	EndGlobalSection
	GlobalSection(ExtensibilityGlobals) = postSolution
		SolutionGuid = {7F59417F-0069-4804-BEE5-D57FCB7606F3}
	EndGlobalSection
EndGlobal
